{
  "projects": [
    {
      "projectId": "seaQhLVS4bbjiGvJJrRwyL",
      "version": "15.0.3",
      "dependencies": {},
      "lang": "ts",
      "fileLocks": [
        {
          "assetId": "seaQhLVS4bbjiGvJJrRwyL",
          "type": "projectCss",
          "checksum": "ece20f44556ec6d6230797947e2125ef"
        }
      ]
    },
    {
      "projectId": "kjuFFTSZb8fanzCHT2C1jz",
      "version": "12.2.3",
      "dependencies": {
        "seaQhLVS4bbjiGvJJrRwyL": "15.0.3"
      },
      "lang": "ts",
      "fileLocks": [
        {
          "type": "globalVariant",
          "assetId": "k7xdGnvUtPZ_s",
          "checksum": "6503a2ef25a240caf1a191357be1c8a7"
        },
        {
          "type": "globalVariant",
          "assetId": "9MzawQbD5r",
          "checksum": "89a6ff9d212b05e9b24475a8044b208d"
        },
        {
          "assetId": "kjuFFTSZb8fanzCHT2C1jz",
          "type": "projectCss",
          "checksum": "9f928248a4980325d87c974f0634e890"
        },
        {
          "type": "renderModule",
          "assetId": "EDH0JqEGKc",
          "checksum": "a4efa3f7f6be1eb9526c5b9461dee9e7"
        },
        {
          "type": "cssRules",
          "assetId": "EDH0JqEGKc",
          "checksum": "a4efa3f7f6be1eb9526c5b9461dee9e7"
        },
        {
          "type": "renderModule",
          "assetId": "jzdXOPDUzV",
          "checksum": "44d5f03bdba93792b21975df8ed8bce4"
        },
        {
          "type": "cssRules",
          "assetId": "jzdXOPDUzV",
          "checksum": "44d5f03bdba93792b21975df8ed8bce4"
        },
        {
          "type": "renderModule",
          "assetId": "LC6N8oPz6C",
          "checksum": "e40a634c9fd151eb866084ebb287e992"
        },
        {
          "type": "cssRules",
          "assetId": "LC6N8oPz6C",
          "checksum": "e40a634c9fd151eb866084ebb287e992"
        },
        {
          "type": "renderModule",
          "assetId": "vtgKf8zu4R",
          "checksum": "cf68425a38fe992a9733d99d05a7b41b"
        },
        {
          "type": "cssRules",
          "assetId": "vtgKf8zu4R",
          "checksum": "cf68425a38fe992a9733d99d05a7b41b"
        },
        {
          "type": "renderModule",
          "assetId": "Dh0X1Xu6r0",
          "checksum": "d117982738b629a227969e5fd6d0bfcd"
        },
        {
          "type": "cssRules",
          "assetId": "Dh0X1Xu6r0",
          "checksum": "d117982738b629a227969e5fd6d0bfcd"
        },
        {
          "type": "renderModule",
          "assetId": "9R5YynM9KVp",
          "checksum": "49b8eab9bf7117d9ce8ce800763933d3"
        },
        {
          "type": "cssRules",
          "assetId": "9R5YynM9KVp",
          "checksum": "49b8eab9bf7117d9ce8ce800763933d3"
        },
        {
          "type": "renderModule",
          "assetId": "CTFlDz32c2",
          "checksum": "4a6bbee1ed952eef94c7b5a55dae5779"
        },
        {
          "type": "cssRules",
          "assetId": "CTFlDz32c2",
          "checksum": "4a6bbee1ed952eef94c7b5a55dae5779"
        },
        {
          "type": "renderModule",
          "assetId": "6947fPy0uC",
          "checksum": "c3ff2cbf224cb2b092e76b30ce248af2"
        },
        {
          "type": "cssRules",
          "assetId": "6947fPy0uC",
          "checksum": "c3ff2cbf224cb2b092e76b30ce248af2"
        },
        {
          "type": "renderModule",
          "assetId": "E_l1hqcHcA",
          "checksum": "89735b10b3be779d3724392f7e62991e"
        },
        {
          "type": "cssRules",
          "assetId": "E_l1hqcHcA",
          "checksum": "89735b10b3be779d3724392f7e62991e"
        },
        {
          "type": "renderModule",
          "assetId": "SQHouqji3_",
          "checksum": "103f87d813318dc2cb6d3e221489a353"
        },
        {
          "type": "cssRules",
          "assetId": "SQHouqji3_",
          "checksum": "103f87d813318dc2cb6d3e221489a353"
        },
        {
          "type": "renderModule",
          "assetId": "MOwsdKtDW9",
          "checksum": "0c68258676ca08e56ba27017731d6066"
        },
        {
          "type": "cssRules",
          "assetId": "MOwsdKtDW9",
          "checksum": "0c68258676ca08e56ba27017731d6066"
        },
        {
          "type": "renderModule",
          "assetId": "TcXkT68Mp6",
          "checksum": "1c37e83ce42cc860d3bb74da7cc15992"
        },
        {
          "type": "cssRules",
          "assetId": "TcXkT68Mp6",
          "checksum": "1c37e83ce42cc860d3bb74da7cc15992"
        },
        {
          "type": "renderModule",
          "assetId": "jJwXbiB2Ic",
          "checksum": "2b81767bbca655999aa53c96ea3d85e5"
        },
        {
          "type": "cssRules",
          "assetId": "jJwXbiB2Ic",
          "checksum": "2b81767bbca655999aa53c96ea3d85e5"
        },
        {
          "type": "renderModule",
          "assetId": "KCzdJBxTJE",
          "checksum": "427db5e1cf45e45e4fedb6f2b81e837b"
        },
        {
          "type": "cssRules",
          "assetId": "KCzdJBxTJE",
          "checksum": "427db5e1cf45e45e4fedb6f2b81e837b"
        },
        {
          "type": "renderModule",
          "assetId": "6Zq5_xjO9F",
          "checksum": "9b668f30d9c2745588027f6a4c402328"
        },
        {
          "type": "cssRules",
          "assetId": "6Zq5_xjO9F",
          "checksum": "9b668f30d9c2745588027f6a4c402328"
        },
        {
          "type": "renderModule",
          "assetId": "PwVbfz5ruck",
          "checksum": "9d9d554395019171bcd0c70c1254e674"
        },
        {
          "type": "cssRules",
          "assetId": "PwVbfz5ruck",
          "checksum": "9d9d554395019171bcd0c70c1254e674"
        },
        {
          "type": "renderModule",
          "assetId": "6kW5oz8gIK-",
          "checksum": "f0815b28bd50ae14ec7294698d4e9b1d"
        },
        {
          "type": "cssRules",
          "assetId": "6kW5oz8gIK-",
          "checksum": "f0815b28bd50ae14ec7294698d4e9b1d"
        },
        {
          "type": "renderModule",
          "assetId": "WzZa1_nedVe",
          "checksum": "b69fa114d0c830b1180f9b6a0abb5cd4"
        },
        {
          "type": "cssRules",
          "assetId": "WzZa1_nedVe",
          "checksum": "b69fa114d0c830b1180f9b6a0abb5cd4"
        },
        {
          "type": "renderModule",
          "assetId": "MEBiyy_4nD",
          "checksum": "bc40276acd1f018322c72e0addafad72"
        },
        {
          "type": "cssRules",
          "assetId": "MEBiyy_4nD",
          "checksum": "bc40276acd1f018322c72e0addafad72"
        },
        {
          "type": "renderModule",
          "assetId": "MaAtk98o9f",
          "checksum": "a7617527440bc27146ea14b4eb5670da"
        },
        {
          "type": "cssRules",
          "assetId": "MaAtk98o9f",
          "checksum": "a7617527440bc27146ea14b4eb5670da"
        },
        {
          "type": "renderModule",
          "assetId": "ZsmzGgkZw2",
          "checksum": "d036e8971353babafab8700249211f85"
        },
        {
          "type": "cssRules",
          "assetId": "ZsmzGgkZw2",
          "checksum": "d036e8971353babafab8700249211f85"
        },
        {
          "type": "renderModule",
          "assetId": "3Qfldk4cSlr",
          "checksum": "4ee1e1b7232cc04037185dc126b21db2"
        },
        {
          "type": "cssRules",
          "assetId": "3Qfldk4cSlr",
          "checksum": "4ee1e1b7232cc04037185dc126b21db2"
        },
        {
          "type": "renderModule",
          "assetId": "2xJBbfTP-H7",
          "checksum": "db50ccab6826aea9929ddd7bf7725f76"
        },
        {
          "type": "cssRules",
          "assetId": "2xJBbfTP-H7",
          "checksum": "db50ccab6826aea9929ddd7bf7725f76"
        },
        {
          "type": "renderModule",
          "assetId": "lJppbKgSOw",
          "checksum": "51144ad50a543faba2980c79b19fa845"
        },
        {
          "type": "cssRules",
          "assetId": "lJppbKgSOw",
          "checksum": "51144ad50a543faba2980c79b19fa845"
        },
        {
          "type": "renderModule",
          "assetId": "AapVVGU4iu",
          "checksum": "193878fbba1e1000f134ecd466dc8a06"
        },
        {
          "type": "cssRules",
          "assetId": "AapVVGU4iu",
          "checksum": "193878fbba1e1000f134ecd466dc8a06"
        },
        {
          "type": "renderModule",
          "assetId": "0JMC2aEx9m",
          "checksum": "8f2fcb0ba92cf3de4f8f7948e15cb5b7"
        },
        {
          "type": "cssRules",
          "assetId": "0JMC2aEx9m",
          "checksum": "8f2fcb0ba92cf3de4f8f7948e15cb5b7"
        },
        {
          "type": "renderModule",
          "assetId": "Xbdmg_vawY",
          "checksum": "8aec06ce4a80d64d01e5fadbbb507fde"
        },
        {
          "type": "cssRules",
          "assetId": "Xbdmg_vawY",
          "checksum": "8aec06ce4a80d64d01e5fadbbb507fde"
        },
        {
          "type": "renderModule",
          "assetId": "DJbGaLTtKAR",
          "checksum": "3c078e325a772f9d52d8e85d75f834d6"
        },
        {
          "type": "cssRules",
          "assetId": "DJbGaLTtKAR",
          "checksum": "3c078e325a772f9d52d8e85d75f834d6"
        },
        {
          "type": "renderModule",
          "assetId": "1LCbIKy0Mz",
          "checksum": "32f6bfc924a59d819186f50c0a776d63"
        },
        {
          "type": "cssRules",
          "assetId": "1LCbIKy0Mz",
          "checksum": "32f6bfc924a59d819186f50c0a776d63"
        },
        {
          "type": "renderModule",
          "assetId": "aD1BzX0TEUk",
          "checksum": "e2ef0f7bc902593d06ed7060b878af85"
        },
        {
          "type": "cssRules",
          "assetId": "aD1BzX0TEUk",
          "checksum": "e2ef0f7bc902593d06ed7060b878af85"
        },
        {
          "type": "renderModule",
          "assetId": "2LcO8okO6S",
          "checksum": "adddce5f4c99566527766db1fda13412"
        },
        {
          "type": "cssRules",
          "assetId": "2LcO8okO6S",
          "checksum": "adddce5f4c99566527766db1fda13412"
        },
        {
          "type": "renderModule",
          "assetId": "qSazSuRq3D",
          "checksum": "3c43eb4f2e9f9e44058fb67f8ac08382"
        },
        {
          "type": "cssRules",
          "assetId": "qSazSuRq3D",
          "checksum": "3c43eb4f2e9f9e44058fb67f8ac08382"
        },
        {
          "type": "renderModule",
          "assetId": "rBgbWjsA0sd",
          "checksum": "06810e2959ed4efad5b781b1fdb18994"
        },
        {
          "type": "cssRules",
          "assetId": "rBgbWjsA0sd",
          "checksum": "06810e2959ed4efad5b781b1fdb18994"
        },
        {
          "type": "renderModule",
          "assetId": "JF4MWU3g67-",
          "checksum": "4e3cb5816b0343c9b0ed6383614a33c5"
        },
        {
          "type": "cssRules",
          "assetId": "JF4MWU3g67-",
          "checksum": "4e3cb5816b0343c9b0ed6383614a33c5"
        },
        {
          "type": "renderModule",
          "assetId": "JWaK283jnQd",
          "checksum": "0b78e3c5f8eb967a5f6efc362ec4f3a0"
        },
        {
          "type": "cssRules",
          "assetId": "JWaK283jnQd",
          "checksum": "0b78e3c5f8eb967a5f6efc362ec4f3a0"
        },
        {
          "type": "renderModule",
          "assetId": "QePfxm7iE7o",
          "checksum": "e0d8c3eed6ab7c5dba8181024cfd96ef"
        },
        {
          "type": "cssRules",
          "assetId": "QePfxm7iE7o",
          "checksum": "e0d8c3eed6ab7c5dba8181024cfd96ef"
        },
        {
          "type": "renderModule",
          "assetId": "pDZtEWqRzT",
          "checksum": "ff6aadfbe05d0885931d2cebf9673b49"
        },
        {
          "type": "cssRules",
          "assetId": "pDZtEWqRzT",
          "checksum": "ff6aadfbe05d0885931d2cebf9673b49"
        },
        {
          "type": "renderModule",
          "assetId": "HzhMCW_ztWQ",
          "checksum": "c9ed37a31a9243dfc00800adf7e01b87"
        },
        {
          "type": "cssRules",
          "assetId": "HzhMCW_ztWQ",
          "checksum": "c9ed37a31a9243dfc00800adf7e01b87"
        },
        {
          "type": "renderModule",
          "assetId": "dxALvsaixcT",
          "checksum": "c17c9afef62ffb3d4cd798c81be581d4"
        },
        {
          "type": "cssRules",
          "assetId": "dxALvsaixcT",
          "checksum": "c17c9afef62ffb3d4cd798c81be581d4"
        },
        {
          "type": "renderModule",
          "assetId": "8suVFciYp4t",
          "checksum": "210a39a0ba73cd944998c30a8f3baf34"
        },
        {
          "type": "cssRules",
          "assetId": "8suVFciYp4t",
          "checksum": "210a39a0ba73cd944998c30a8f3baf34"
        },
        {
          "type": "renderModule",
          "assetId": "2sR5PRkxYAA",
          "checksum": "294ce3b50cdcab1536c28956cca0024f"
        },
        {
          "type": "cssRules",
          "assetId": "2sR5PRkxYAA",
          "checksum": "294ce3b50cdcab1536c28956cca0024f"
        },
        {
          "type": "renderModule",
          "assetId": "ncmAa8DpLu",
          "checksum": "f57a807e3cae9c32d03a9b1ba0b0d08c"
        },
        {
          "type": "cssRules",
          "assetId": "ncmAa8DpLu",
          "checksum": "f57a807e3cae9c32d03a9b1ba0b0d08c"
        },
        {
          "type": "renderModule",
          "assetId": "QBF7nr-k8Wj",
          "checksum": "c666c4ac154e02f23864a00400df0928"
        },
        {
          "type": "cssRules",
          "assetId": "QBF7nr-k8Wj",
          "checksum": "c666c4ac154e02f23864a00400df0928"
        },
        {
          "type": "renderModule",
          "assetId": "HUUfSMinVuU",
          "checksum": "8770af1198967873ad0ea5c4a394d094"
        },
        {
          "type": "cssRules",
          "assetId": "HUUfSMinVuU",
          "checksum": "8770af1198967873ad0ea5c4a394d094"
        },
        {
          "type": "renderModule",
          "assetId": "fJogwOTVlCE",
          "checksum": "4ee00d2a58ac439adb78c14388614c4b"
        },
        {
          "type": "cssRules",
          "assetId": "fJogwOTVlCE",
          "checksum": "4ee00d2a58ac439adb78c14388614c4b"
        },
        {
          "type": "renderModule",
          "assetId": "vfJVtA9eRVA",
          "checksum": "c4c06e8a097570b7f00322677f2e608c"
        },
        {
          "type": "cssRules",
          "assetId": "vfJVtA9eRVA",
          "checksum": "c4c06e8a097570b7f00322677f2e608c"
        },
        {
          "type": "icon",
          "assetId": "wTfucAc7Rr",
          "checksum": "5a718eb730a28d2692f45fc9cc0e7343"
        },
        {
          "type": "icon",
          "assetId": "VMSgXilvsf",
          "checksum": "5841bf2932372c18eee5325a6279f684"
        },
        {
          "type": "icon",
          "assetId": "_QBTdEQAzz",
          "checksum": "9bd338a85f59861e7bd473f4d6cccc1c"
        },
        {
          "type": "icon",
          "assetId": "CEtYrZALfu",
          "checksum": "04a55a886ac847d3bfc1b99ffefdb6a8"
        },
        {
          "type": "icon",
          "assetId": "Mj5CsVYcA9",
          "checksum": "5f52e36e9bb1d24317685985881a037b"
        },
        {
          "type": "icon",
          "assetId": "7p8MViVJAB",
          "checksum": "df0fe7ba0bf895c548860fcdc8965d11"
        },
        {
          "type": "icon",
          "assetId": "nEANI2ubBB",
          "checksum": "28855fa81357ad444e6aa22718f86ee5"
        },
        {
          "type": "icon",
          "assetId": "f4GO4W3yZm",
          "checksum": "c30e9cd8f64835f6afd34161c612776a"
        },
        {
          "type": "icon",
          "assetId": "j57_wDEs9S",
          "checksum": "8fde49bd22bce1375773dbcbaeb9c7ab"
        },
        {
          "type": "icon",
          "assetId": "4WWM9dCuzI",
          "checksum": "8186f90f8cb52c9210a0d91ad6843ffd"
        },
        {
          "type": "icon",
          "assetId": "D95fuAr7gP",
          "checksum": "e88e8eaa1ba3e0d0846d0e466b1d47b0"
        },
        {
          "type": "icon",
          "assetId": "mrC2Ljeqti",
          "checksum": "2d163f83ed54bcf49da12a779a79de08"
        },
        {
          "type": "icon",
          "assetId": "CyAK3Gjxwu",
          "checksum": "e7ab47eede60bd42bc7e4a5ccd7e1da5"
        },
        {
          "type": "icon",
          "assetId": "dU5ansm0Xg",
          "checksum": "73b04bf939b3a08c574379cf81c6948a"
        },
        {
          "type": "icon",
          "assetId": "OsdZlmfSEe",
          "checksum": "3720abb7f3976be8137c60f22d67424d"
        },
        {
          "type": "icon",
          "assetId": "oGKOpvo0ll",
          "checksum": "80fb047f8322dbe44dcb18079e8f0812"
        },
        {
          "type": "icon",
          "assetId": "oElPELm1et",
          "checksum": "c52c314f07a28804e40a693c7ef50797"
        },
        {
          "type": "icon",
          "assetId": "qrdgDrcfzD",
          "checksum": "c8d9e86916580684e17117c6700dc23e"
        },
        {
          "type": "icon",
          "assetId": "ymoKOCfuo-",
          "checksum": "90783383497956e6a080287917cd099f"
        },
        {
          "type": "icon",
          "assetId": "YhhYiXTtXT",
          "checksum": "39ab21c923ffe87319871057902c8d34"
        },
        {
          "type": "icon",
          "assetId": "d8TOpAp1CP",
          "checksum": "599752e108fc6ba9751d0eb0aefedec6"
        },
        {
          "type": "icon",
          "assetId": "5amV9exkN9",
          "checksum": "96470b1e937e6cddbff054d06cb221f9"
        },
        {
          "type": "icon",
          "assetId": "rP3WBmFG-e",
          "checksum": "2e20920a9712b9810380c8d7e15dc211"
        },
        {
          "type": "icon",
          "assetId": "Qm3zx5PVC",
          "checksum": "71d009ec2317ae19f6d2696809bfaa16"
        },
        {
          "type": "icon",
          "assetId": "gZDZDs61W-",
          "checksum": "693b6f5068e0e5bb9972428b3861e392"
        },
        {
          "type": "icon",
          "assetId": "pxV85ZZQvi",
          "checksum": "8f18a11c3ea62e51afee65475de0034b"
        },
        {
          "type": "icon",
          "assetId": "E2O_OGnBZf",
          "checksum": "81f99430db9c715f755b5648f56b8df7"
        },
        {
          "type": "icon",
          "assetId": "UIRIe6a68A",
          "checksum": "2c31a90a3bf50dd1b10a87b8037208fe"
        },
        {
          "type": "icon",
          "assetId": "VwsBlWFPux",
          "checksum": "af274a11204ea21e017afad86d2534a3"
        },
        {
          "type": "icon",
          "assetId": "4AIkExQxz",
          "checksum": "081cac690efb8ea3c2731e3b2410c6d1"
        },
        {
          "type": "icon",
          "assetId": "CbfsWz2JkE",
          "checksum": "16b438f7439cf778bdd7332a61847184"
        },
        {
          "type": "icon",
          "assetId": "bi_8qGOLhg",
          "checksum": "d0ee049f03342d3d80f5c1d412820fe0"
        },
        {
          "type": "icon",
          "assetId": "V9OFkmlcnz",
          "checksum": "7d451f3b86c4909ca9d41634f8b5dc7f"
        },
        {
          "type": "icon",
          "assetId": "bXLmcsbn-z",
          "checksum": "3461ffa0e48a38b7a25fd77e90f017fb"
        },
        {
          "type": "icon",
          "assetId": "T8joG3yRTH",
          "checksum": "0032d305146c6fd7afb2da1a03f03466"
        },
        {
          "type": "icon",
          "assetId": "USRi-J1iAV",
          "checksum": "c4013f22d2e91eef95a2bb53d377d75f"
        },
        {
          "type": "icon",
          "assetId": "GXuSKq-oqJ",
          "checksum": "f3954b9956ea3ef56f67ccfac6f56d82"
        },
        {
          "type": "icon",
          "assetId": "SCO2nowOyF",
          "checksum": "0de77054b039f797f2ecaade65b1355a"
        },
        {
          "type": "image",
          "assetId": "EPGPLj8R6N",
          "checksum": "ba9bc6dfcfba27fb2e90480d8beae35b"
        },
        {
          "type": "image",
          "assetId": "UYaJ8Iid3m",
          "checksum": "7cb7e0f61c0f8d4a553eff35cd48b04e"
        },
        {
          "type": "image",
          "assetId": "X_7NFtHNX",
          "checksum": "7a93f1d5a97b7f8465c4a5def024a146"
        },
        {
          "type": "image",
          "assetId": "7HJPr710dt",
          "checksum": "c8bd4c9021329912f9aad953faed2501"
        },
        {
          "type": "image",
          "assetId": "xOaQbmepj8",
          "checksum": "a0cc2f1decf99347fbc0b90ab3cc179c"
        },
        {
          "type": "image",
          "assetId": "XhUnce3xk-",
          "checksum": "3ea8dcb5047ca8b25a80a9a58852720d"
        },
        {
          "type": "image",
          "assetId": "ZK4QPLv_Js",
          "checksum": "0c68cf01c4a9ca90d55fd19035348b22"
        },
        {
          "type": "image",
          "assetId": "rU1g-d3eNw",
          "checksum": "00f6707eb9be3567f772ea3d26041fcf"
        },
        {
          "type": "image",
          "assetId": "jEB6FWUqh2",
          "checksum": "abad4b66185312bf17dd17cdeb0b9d9b"
        },
        {
          "type": "image",
          "assetId": "YE53p_epLv",
          "checksum": "89e61be42c5adc1eff7dac363e80389f"
        },
        {
          "type": "image",
          "assetId": "SuzPKCmZFZ",
          "checksum": "eda288ad579e829612927e4a7ecc9a33"
        },
        {
          "type": "image",
          "assetId": "PJOPGNVZ-6",
          "checksum": "6c5fb9aab6b482c1f922dabd44b5b861"
        },
        {
          "type": "image",
          "assetId": "04YO870mHJ",
          "checksum": "c1b38f8828dc404a992c29a9e35d40f0"
        },
        {
          "type": "image",
          "assetId": "CMH2DF62HJ",
          "checksum": "08112b2950b42e8d8fe5338c7d7313a8"
        },
        {
          "type": "image",
          "assetId": "C1Emdq7mU7",
          "checksum": "d564d1f307b2f3946bfe68f2b6819938"
        },
        {
          "type": "image",
          "assetId": "mZuhoXM_N",
          "checksum": "51539a3cf39852876ee8eecc22f9d921"
        },
        {
          "type": "image",
          "assetId": "otjSZETYH",
          "checksum": "6eb135b40ebd226c9cba5c97973d2923"
        },
        {
          "type": "image",
          "assetId": "OswZQdidC",
          "checksum": "94e803bb073b671accc857a9b282abfa"
        },
        {
          "type": "image",
          "assetId": "sQFudTnc2",
          "checksum": "d4bbc4ce2e80e73baea541822ca5c0a2"
        },
        {
          "type": "image",
          "assetId": "Y1uxSbPn1",
          "checksum": "5a6d9f2f6b158c86616d523b71a42b40"
        },
        {
          "type": "image",
          "assetId": "j3B0JfVAV",
          "checksum": "f77b2488ae9d9d16a6c1a163dc60d19c"
        },
        {
          "type": "image",
          "assetId": "lzSJdD5rG",
          "checksum": "7670500d0e4acdf9477a2d906aec0f08"
        },
        {
          "type": "image",
          "assetId": "2_DqtGXsD",
          "checksum": "52ff7cedae7cd911b35daed116aa7319"
        },
        {
          "type": "image",
          "assetId": "a0XqR1rmO",
          "checksum": "8eaa68d9bb1161603ae6133ef5c4ddef"
        },
        {
          "type": "image",
          "assetId": "CGjd_wD3lc",
          "checksum": "d017208f36d571014cc84cc4c0c72e93"
        },
        {
          "type": "image",
          "assetId": "ejT54-AB5",
          "checksum": "85ac46ab4259bd5485619cd20e88cb11"
        },
        {
          "type": "image",
          "assetId": "U_7c_gaQy",
          "checksum": "a73504f247661378c11b692a0662bb13"
        },
        {
          "type": "image",
          "assetId": "VvWfewPgF",
          "checksum": "df606da3c6e2944f13284b5ecbd4870c"
        },
        {
          "type": "image",
          "assetId": "tueIhGKhL",
          "checksum": "0aaa8e23c81223456004366f17ee81be"
        },
        {
          "type": "image",
          "assetId": "3GGD3CMMI",
          "checksum": "296384d9a809062b4eb7d636d1277902"
        },
        {
          "type": "image",
          "assetId": "Dqmr3K45D",
          "checksum": "5de7f2b98ae17b8c49f864f87a88569d"
        },
        {
          "type": "image",
          "assetId": "yEtbjfyJ0",
          "checksum": "425801ee2dcc82fc6af026b4beae6b19"
        },
        {
          "type": "image",
          "assetId": "sd8fqsUf_",
          "checksum": "a57c77fed0f56dc73297bcf3792cf415"
        },
        {
          "type": "image",
          "assetId": "brkhP7iR0",
          "checksum": "89b854682df3c845823aabc847866891"
        },
        {
          "type": "image",
          "assetId": "jukHnjBM2",
          "checksum": "e29710ae787041fbaf0bd0bbb88095db"
        },
        {
          "type": "image",
          "assetId": "G5jsDdQkx",
          "checksum": "ed344dc8689a999b0d6d0c505de74360"
        },
        {
          "type": "image",
          "assetId": "9uio4NrWB",
          "checksum": "bc65f63e574e6b4ff223e74d2fa09fca"
        },
        {
          "type": "image",
          "assetId": "0CMsqtag4",
          "checksum": "28653320b1a3d61401895fcb3f24df12"
        },
        {
          "type": "image",
          "assetId": "WlKI1l4eq",
          "checksum": "ed4bbc7fe4e71d2c665a249fa41daf02"
        },
        {
          "type": "image",
          "assetId": "1qXLsp3Gl",
          "checksum": "5caf020073be30028557d4bdedcbf020"
        },
        {
          "type": "image",
          "assetId": "FgP-35c5m",
          "checksum": "5f2c0da1d6bdf61464f8836d1660ebe4"
        },
        {
          "type": "image",
          "assetId": "RtBuhLfpe",
          "checksum": "337e68280d262340a3a822c1f5d49be2"
        },
        {
          "type": "image",
          "assetId": "Q8dsR1Ya3",
          "checksum": "c916bace3828f0a9416ea45f5742bd95"
        },
        {
          "type": "image",
          "assetId": "mQOptpUsmZ",
          "checksum": "e89dec9437bae483421c39966e00aa03"
        },
        {
          "type": "image",
          "assetId": "4XNgS0YKP",
          "checksum": "4da10637d3d0b01b0fa7b9cc419bf7d7"
        },
        {
          "type": "image",
          "assetId": "pGoZ-z6Ey",
          "checksum": "26cd185fbdca13f9935a5a6cbf72dfcb"
        },
        {
          "type": "image",
          "assetId": "fyeMYI6Nk",
          "checksum": "a050ae78b5c3b997a6f08b53bd206cdd"
        },
        {
          "type": "image",
          "assetId": "VWPTvMyfj",
          "checksum": "c70335b12af71bec08c5e71482791cd3"
        },
        {
          "type": "image",
          "assetId": "HKXEI5cPu",
          "checksum": "66f46aea9fdfc0d5af710326cba80246"
        },
        {
          "type": "image",
          "assetId": "xlpa8IjYv",
          "checksum": "ab6fac703eddd2ecac2fb2c53d461108"
        },
        {
          "type": "image",
          "assetId": "2Xmo-UlGL",
          "checksum": "8a6ca2f1763a7ec2d162276d8ccd20ad"
        },
        {
          "type": "image",
          "assetId": "cZnS6zLBf",
          "checksum": "989f0f2102f3aea1c0e47697782d3c44"
        },
        {
          "type": "image",
          "assetId": "Zfpl2p14L",
          "checksum": "5665937ee6cc33309ce8fb106e193bc9"
        },
        {
          "type": "image",
          "assetId": "z7Q0WZtnF",
          "checksum": "372f387f848078eee39a0a8a63659631"
        },
        {
          "type": "image",
          "assetId": "MV-iw252s",
          "checksum": "5d30b26977c8b2ca0cb260d2360e3cb7"
        },
        {
          "type": "image",
          "assetId": "S6uJdcNII",
          "checksum": "75cae27831111582cb3b8061b610bc78"
        },
        {
          "type": "image",
          "assetId": "TK5CdJRND",
          "checksum": "b6c9ec0d7da75e910fa9b1913cf04f74"
        },
        {
          "type": "image",
          "assetId": "wcC-99HXh",
          "checksum": "42e8ccbcb6be10795ce612d08a3d08a7"
        },
        {
          "type": "image",
          "assetId": "wV9tHJz5J",
          "checksum": "ec8fb8ce91b7fd85eadea6446841ae20"
        },
        {
          "type": "image",
          "assetId": "nsQNwrjDr",
          "checksum": "8d05baed977c9ff3693df02bb5622832"
        },
        {
          "type": "image",
          "assetId": "LFnfKPfDu",
          "checksum": "15e3b569f6d8a21a430084d80f23b3d7"
        },
        {
          "type": "image",
          "assetId": "UHUHDEvxd",
          "checksum": "a3a16c2797705d797a0e039220d8c971"
        },
        {
          "type": "image",
          "assetId": "xN0RWJvWh",
          "checksum": "d716627a7c7e835b4aead9f9c4d360b8"
        },
        {
          "type": "image",
          "assetId": "WiXT2gdxg",
          "checksum": "c7dd37d9bfdfb12cdaefa318e2acc5b4"
        },
        {
          "type": "image",
          "assetId": "Eo7OkfnBA",
          "checksum": "b58c04075e34cca2a8ac533c23263a86"
        },
        {
          "type": "image",
          "assetId": "XdyayxrS3",
          "checksum": "9dbc109587366ac0265067d31fcdf456"
        },
        {
          "type": "image",
          "assetId": "xNo-AkG0e",
          "checksum": "1dd6c0a9780c5667732425de83d8e747"
        },
        {
          "type": "image",
          "assetId": "62muS6d2Y",
          "checksum": "3b7a7fecb9a4d2a54c14e946e2dd5683"
        },
        {
          "type": "image",
          "assetId": "ccufmIpOC",
          "checksum": "e264b9e794a7f542520b7767effba019"
        },
        {
          "type": "image",
          "assetId": "IzzEtRVSd",
          "checksum": "632ac37fac6081def6188e6a436f7cbf"
        },
        {
          "type": "image",
          "assetId": "EnzpsZnNo",
          "checksum": "631451c9d2e3d0f6de7e76c9bff46ddf"
        },
        {
          "type": "image",
          "assetId": "Dn5S8JL7H",
          "checksum": "af59a77f135ad203cce8d88a1797053e"
        },
        {
          "type": "image",
          "assetId": "dHsf7IqGN",
          "checksum": "fb7d6c8d4ac2fb3b72d7dac4355c657a"
        },
        {
          "type": "image",
          "assetId": "wzezUzTfU",
          "checksum": "f8972b331839c726f710afe8daa82e9e"
        },
        {
          "type": "image",
          "assetId": "5xxeDTi_2",
          "checksum": "e63ba08ac1fe227f578ef08fc80838a7"
        },
        {
          "type": "image",
          "assetId": "Y1cLdtC5p",
          "checksum": "d3fcd05fc50a2bc4d54f82a7a4a71b30"
        },
        {
          "type": "image",
          "assetId": "MdyXN0Auz",
          "checksum": "ae0a884fe544bdec18b8ce637b3487b1"
        },
        {
          "type": "image",
          "assetId": "QIfl4TWQ0H",
          "checksum": "d66e896234593d8290f38b96f42279fe"
        },
        {
          "type": "image",
          "assetId": "A-oIKPBDT",
          "checksum": "b906fe8f1c480d5496559f154974ff53"
        },
        {
          "type": "image",
          "assetId": "I6avqNVfS",
          "checksum": "e4f8dba4c60ee12c9a185633a92f7491"
        },
        {
          "type": "image",
          "assetId": "UrlN9ysec",
          "checksum": "af6ad739ece7009a56a48f629327d976"
        },
        {
          "type": "image",
          "assetId": "2sfmJNIzu",
          "checksum": "3d024cdc32ab096a1e1f886514e945b9"
        },
        {
          "type": "image",
          "assetId": "u1TABRso4",
          "checksum": "528c62b8d779012e967b21f5c5c83375"
        },
        {
          "type": "image",
          "assetId": "v53izh8NN",
          "checksum": "3ec3ea13cdcb65f40cea5e97e6a84e76"
        },
        {
          "type": "image",
          "assetId": "MLv4cVE6I",
          "checksum": "3f12812167fad903ae7324a7784c8411"
        },
        {
          "type": "image",
          "assetId": "AVfwvYTPK",
          "checksum": "c9f2cfcc93a83260e230a5db5c409312"
        },
        {
          "type": "image",
          "assetId": "CTc2zXw-o",
          "checksum": "12a902f3444212b5db41789e51cb1f6c"
        },
        {
          "type": "image",
          "assetId": "lGgH04dpV",
          "checksum": "5f50e80a7f20560f6f10175bc5739aec"
        },
        {
          "type": "image",
          "assetId": "ctJJRhQOmF",
          "checksum": "7a0149cdb3bf3ed5f7629445e62b131f"
        },
        {
          "type": "image",
          "assetId": "b7PoB4e6bJ",
          "checksum": "ab4d15866417681708bb5c6d42010f70"
        },
        {
          "type": "image",
          "assetId": "OrsonFC2Xn",
          "checksum": "e12fcce923ab8fdd771c5c7708a60989"
        },
        {
          "type": "image",
          "assetId": "w6uRsnNOr",
          "checksum": "a38e5086ad653ee42b208145ad199274"
        },
        {
          "type": "image",
          "assetId": "Bv8hQepak",
          "checksum": "1353db2a5f31682f13524acaaa7375d3"
        },
        {
          "type": "image",
          "assetId": "bTphux_km",
          "checksum": "11640cbe51cff3b79eb207b9844f167c"
        },
        {
          "type": "image",
          "assetId": "fSL2-scVK",
          "checksum": "e3a7b7e5f1f8f66403c00de00b6182b6"
        },
        {
          "type": "image",
          "assetId": "PdvRG1ivM",
          "checksum": "5a5ea8ea080d65c4182cd87bcd7054d6"
        },
        {
          "type": "image",
          "assetId": "Usyfh-QIW",
          "checksum": "898df241a5c3e7979c1e2305c698afc4"
        },
        {
          "type": "image",
          "assetId": "Xq_49R9cf",
          "checksum": "5584573f00a82ecf34c3030d006c85f8"
        },
        {
          "type": "image",
          "assetId": "4_x_YUBSU",
          "checksum": "85da4339820cfdcf323401629ed578ba"
        },
        {
          "type": "image",
          "assetId": "lreVgxzrC",
          "checksum": "e5c1b2b944e22e50332a35ba29eb360e"
        },
        {
          "type": "image",
          "assetId": "KWEWI51i9",
          "checksum": "d5f7ac48c9042dde779502ce80dbf722"
        },
        {
          "type": "image",
          "assetId": "FFo6q3mln",
          "checksum": "3fa2c36faf35223993a75fba702bac0b"
        },
        {
          "type": "image",
          "assetId": "BSuh69SwM",
          "checksum": "16bfd1132d5e849c128e721143443355"
        },
        {
          "type": "image",
          "assetId": "8t6tyW2SN",
          "checksum": "5073141ae5acf19ec6bc3b8031590776"
        },
        {
          "type": "image",
          "assetId": "WTvOXGb6b",
          "checksum": "dc0a40bc91c5fadbfbf8131013900f19"
        },
        {
          "type": "image",
          "assetId": "K6rrS2dFZ",
          "checksum": "b33c1350b4d1f164e8e03b224d99cb73"
        },
        {
          "type": "image",
          "assetId": "Xl_ZeK5Zq",
          "checksum": "6836fa3e151d8edc30926f0c3349aff5"
        },
        {
          "type": "image",
          "assetId": "QZwEvhzU2",
          "checksum": "7a682a8d446ea4cf8461fd773304ac0a"
        },
        {
          "type": "image",
          "assetId": "yHAqCT9Pm",
          "checksum": "29cf3236791e5afaf11f54c8786880a9"
        },
        {
          "type": "image",
          "assetId": "j6-2r3WfF",
          "checksum": "10a1a8b5ff88036ffa5a7abaf9488318"
        },
        {
          "type": "image",
          "assetId": "9KjKXf8aA",
          "checksum": "4eab6b4ef27d73f2b84fcf92dfe4ddec"
        },
        {
          "type": "image",
          "assetId": "lYItEpXgS",
          "checksum": "f50197dda79b3dd889eb91d101b14c13"
        },
        {
          "type": "image",
          "assetId": "_G6dF9FdL",
          "checksum": "a4f98bb621d53b51690b6bce6bdafd22"
        },
        {
          "type": "image",
          "assetId": "fyKJL3owe",
          "checksum": "2d226bc67b3eae8e16b89fbde7dff9bc"
        },
        {
          "type": "image",
          "assetId": "KCxujGJaO",
          "checksum": "ce6c00633bdf2833b186b7b2be454c5b"
        },
        {
          "type": "image",
          "assetId": "zvTNx6qJy",
          "checksum": "624e756ea2fecf70b6abaa65033c7e89"
        },
        {
          "type": "image",
          "assetId": "q5HyGrQzo",
          "checksum": "8aae85b62152a90fdd44a1f48304026b"
        },
        {
          "type": "image",
          "assetId": "FRccJnohF",
          "checksum": "795198181ab9865fef73cc3093f82ab9"
        },
        {
          "type": "image",
          "assetId": "UVDBPWNKV",
          "checksum": "c68ad16d46e9e0fcca6fa4432a833401"
        },
        {
          "type": "image",
          "assetId": "OmM_OZNfL",
          "checksum": "0093767ca8cf6dd4bc1cd2fd5507129b"
        },
        {
          "type": "image",
          "assetId": "INz8QmFvF",
          "checksum": "96ea6e1e3b67d5038ed5c8bd09d718fe"
        },
        {
          "type": "image",
          "assetId": "ijfr7qQeh",
          "checksum": "997fff85dea99542e00d6a89d8632282"
        }
      ]
    },
    {
      "projectId": "iX1qkSjgNN2uqWdAcYpiJf",
      "version": "latest",
      "dependencies": {
        "kjuFFTSZb8fanzCHT2C1jz": "12.2.3",
        "seaQhLVS4bbjiGvJJrRwyL": "15.0.3"
      },
      "lang": "ts",
      "fileLocks": [
        {
          "type": "globalVariant",
          "assetId": "puP8FUTSqJAM",
          "checksum": "128b1c66a5da6d9952c7b551102da66b"
        },
        {
          "assetId": "iX1qkSjgNN2uqWdAcYpiJf",
          "type": "projectCss",
          "checksum": "bdb82ff11cc892091f3fb5e3083ea7b4"
        },
        {
          "type": "renderModule",
          "assetId": "bSsipVcvkm",
          "checksum": "449d2cc1a86c8dc76f64eac558288276"
        },
        {
          "type": "cssRules",
          "assetId": "bSsipVcvkm",
          "checksum": "449d2cc1a86c8dc76f64eac558288276"
        },
        {
          "type": "renderModule",
          "assetId": "-oP-bZni7oo",
          "checksum": "c955d2252df356f1c77c1e10f06c15be"
        },
        {
          "type": "cssRules",
          "assetId": "-oP-bZni7oo",
          "checksum": "c955d2252df356f1c77c1e10f06c15be"
        },
        {
          "type": "renderModule",
          "assetId": "ugmceNXCEaY",
          "checksum": "08131172025f6186042cac5a20213ee2"
        },
        {
          "type": "cssRules",
          "assetId": "ugmceNXCEaY",
          "checksum": "08131172025f6186042cac5a20213ee2"
        },
        {
          "type": "renderModule",
          "assetId": "NghF3nLKMnn",
          "checksum": "16e070d03833a89d37454f0904c9fd65"
        },
        {
          "type": "cssRules",
          "assetId": "NghF3nLKMnn",
          "checksum": "16e070d03833a89d37454f0904c9fd65"
        },
        {
          "type": "renderModule",
          "assetId": "4kLu1vpnA8Ps",
          "checksum": "ea65b7c6cca087c188ba00ba2908541c"
        },
        {
          "type": "cssRules",
          "assetId": "4kLu1vpnA8Ps",
          "checksum": "ea65b7c6cca087c188ba00ba2908541c"
        },
        {
          "type": "renderModule",
          "assetId": "9J-zjImHs6Nv",
          "checksum": "67486e11c31cce70cacdfecb0bb7eed9"
        },
        {
          "type": "cssRules",
          "assetId": "9J-zjImHs6Nv",
          "checksum": "67486e11c31cce70cacdfecb0bb7eed9"
        },
        {
          "type": "renderModule",
          "assetId": "Z-b5cx4Z8FRT",
          "checksum": "1ca71389c2b44a655f46fee9353f4b98"
        },
        {
          "type": "cssRules",
          "assetId": "Z-b5cx4Z8FRT",
          "checksum": "1ca71389c2b44a655f46fee9353f4b98"
        },
        {
          "type": "renderModule",
          "assetId": "65vBthjiMfiU",
          "checksum": "986f4fbacdf2e9254c9d2b8b99c7789d"
        },
        {
          "type": "cssRules",
          "assetId": "65vBthjiMfiU",
          "checksum": "986f4fbacdf2e9254c9d2b8b99c7789d"
        },
        {
          "type": "renderModule",
          "assetId": "daEkghagFJN8",
          "checksum": "c614425c4ee7f72216a4ce1023640cda"
        },
        {
          "type": "cssRules",
          "assetId": "daEkghagFJN8",
          "checksum": "c614425c4ee7f72216a4ce1023640cda"
        },
        {
          "type": "renderModule",
          "assetId": "y4i2wU8BJ8FX",
          "checksum": "603fda3daad88623fdaa89dfcad68db5"
        },
        {
          "type": "cssRules",
          "assetId": "y4i2wU8BJ8FX",
          "checksum": "603fda3daad88623fdaa89dfcad68db5"
        },
        {
          "type": "icon",
          "assetId": "47n026-Ftuh5",
          "checksum": "0960ab972f5fc8c277651a750386c53d"
        },
        {
          "type": "icon",
          "assetId": "NL-51K78_IY4",
          "checksum": "82763ca34952e0e56c099cd38f87011d"
        },
        {
          "type": "icon",
          "assetId": "-ZpF1G2OFzRe",
          "checksum": "e14a7e8e1a22b1ebbcd88d8e8b157fff"
        },
        {
          "type": "icon",
          "assetId": "Ptf7KHIQp4Qy",
          "checksum": "fe6b4146941eef913ae8d4d4a49aae5d"
        },
        {
          "type": "image",
          "assetId": "wo3RawwxIQND",
          "checksum": "40b2060c986bd52edb207ffc770528d1"
        },
        {
          "type": "image",
          "assetId": "15oss7Xn833k",
          "checksum": "322e7cdec371db9f8ae667915a8947eb"
        },
        {
          "type": "image",
          "assetId": "rxrLwQCxDH3p",
          "checksum": "1b7b98108f44730cfb25c3c4bb88650d"
        },
        {
          "type": "image",
          "assetId": "RFDTUUbn7nLT",
          "checksum": "1bb0de81fa90637c8b2e2872fb280025"
        },
        {
          "type": "image",
          "assetId": "YFsTPi6WzJiH",
          "checksum": "cf7cf440d77ec7a3a0d467952b0294e6"
        },
        {
          "type": "image",
          "assetId": "bZY1eJvTxz8v",
          "checksum": "a9e6190a0caa78f5e32406ca859a4182"
        },
        {
          "type": "image",
          "assetId": "QEBEY7wcP8Ki",
          "checksum": "ade74c6d92182427afa844a3806d6a78"
        },
        {
          "type": "image",
          "assetId": "osNbT5lMRWcp",
          "checksum": "7e639bf8af0f6f0a924f8f336a95c7ef"
        },
        {
          "type": "image",
          "assetId": "pmFzbMOHAk4J",
          "checksum": "c4c0223bc01082ec8ffd72e619862d3d"
        },
        {
          "type": "image",
          "assetId": "KQF1gsRPMZuJ",
          "checksum": "fa97167396fd303c4c22c1e9cb02ee62"
        },
        {
          "type": "image",
          "assetId": "mwK9fcd0szvT",
          "checksum": "9b8bc69210e499e2016c2730a0d5cdac"
        },
        {
          "type": "image",
          "assetId": "beRYXlUmAvsG",
          "checksum": "c96e6787b0785a56169d7989cdc4400f"
        },
        {
          "type": "image",
          "assetId": "RTF9VWIGL1q1",
          "checksum": "7993d60811b7ae8ee6b46a67d444f1ef"
        },
        {
          "type": "image",
          "assetId": "zxn1TasF4etG",
          "checksum": "11b084578f5ac1a75deed9a116d4101a"
        },
        {
          "type": "image",
          "assetId": "tBnLLG7n52RN",
          "checksum": "a864578dad3ecd238bc170a235ba6773"
        }
      ]
    }
  ],
  "cliVersion": "0.1.166"
}
